// !$*UTF8*$!
{
	archiveVersion = 1;
	classes = {
	};
	objectVersion = 46;
	objects = {

/* Begin PBXBuildFile section */
		2D8C102A1B5072C1000DAE2C /* LoginViewModel.m in Sources */ = {isa = PBXBuildFile; fileRef = 2D8C10271B5072C1000DAE2C /* LoginViewModel.m */; };
		2D8C102B1B5072C1000DAE2C /* UserViewModel.m in Sources */ = {isa = PBXBuildFile; fileRef = 2D8C10291B5072C1000DAE2C /* UserViewModel.m */; };
		2D8C102F1B5073D3000DAE2C /* NSString+CapitalizeFirstWord.m in Sources */ = {isa = PBXBuildFile; fileRef = 2D8C102E1B5073D3000DAE2C /* NSString+CapitalizeFirstWord.m */; };
		2DAAC1C01B5036440032584C /* main.m in Sources */ = {isa = PBXBuildFile; fileRef = 2DAAC1BF1B5036440032584C /* main.m */; };
		2DAAC1CB1B5036440032584C /* Images.xcassets in Resources */ = {isa = PBXBuildFile; fileRef = 2DAAC1CA1B5036440032584C /* Images.xcassets */; };
		2DAAC1CE1B5036440032584C /* LaunchScreen.xib in Resources */ = {isa = PBXBuildFile; fileRef = 2DAAC1CC1B5036440032584C /* LaunchScreen.xib */; };
		2DAAC1DA1B5036440032584C /* WLXQuickBloxUtils_sampleTests.m in Sources */ = {isa = PBXBuildFile; fileRef = 2DAAC1D91B5036440032584C /* WLXQuickBloxUtils_sampleTests.m */; };
		2DAAC1F51B5038230032584C /* AppDelegate.m in Sources */ = {isa = PBXBuildFile; fileRef = 2DAAC1EC1B5038230032584C /* AppDelegate.m */; };
		2DAAC1F61B5038230032584C /* WLXQuickBloxUtils.m in Sources */ = {isa = PBXBuildFile; fileRef = 2DAAC1EF1B5038230032584C /* WLXQuickBloxUtils.m */; };
		2DAAC1F71B5038230032584C /* Main.storyboard in Resources */ = {isa = PBXBuildFile; fileRef = 2DAAC1F11B5038230032584C /* Main.storyboard */; };
		2DFA31C91B6688730064EB94 /* Localizable.strings in Resources */ = {isa = PBXBuildFile; fileRef = 2DFA31C81B6688730064EB94 /* Localizable.strings */; };
		2DFA31D21B66963C0064EB94 /* Application.m in Sources */ = {isa = PBXBuildFile; fileRef = 2DFA31D11B66963C0064EB94 /* Application.m */; };
		2DFA31D61B66964C0064EB94 /* UIView+MakeToast.m in Sources */ = {isa = PBXBuildFile; fileRef = 2DFA31D51B66964C0064EB94 /* UIView+MakeToast.m */; };
		2DFA31DA1B669AC90064EB94 /* LoginViewController.m in Sources */ = {isa = PBXBuildFile; fileRef = 2DFA31D91B669AC90064EB94 /* LoginViewController.m */; };
		2DFA31DD1B669DEB0064EB94 /* UserListViewModel.m in Sources */ = {isa = PBXBuildFile; fileRef = 2DFA31DC1B669DEB0064EB94 /* UserListViewModel.m */; };
		2DFA31E01B669DFB0064EB94 /* UserListTableViewController.m in Sources */ = {isa = PBXBuildFile; fileRef = 2DFA31DF1B669DFB0064EB94 /* UserListTableViewController.m */; };
		2DFA31E31B66A0500064EB94 /* CollectionViewModel.m in Sources */ = {isa = PBXBuildFile; fileRef = 2DFA31E21B66A0500064EB94 /* CollectionViewModel.m */; };
		2DFA31E91B66B5830064EB94 /* ConversationListViewModel.m in Sources */ = {isa = PBXBuildFile; fileRef = 2DFA31E81B66B5830064EB94 /* ConversationListViewModel.m */; };
		2DFA31EC1B66B6700064EB94 /* PrivateDialogViewModel.m in Sources */ = {isa = PBXBuildFile; fileRef = 2DFA31EB1B66B6700064EB94 /* PrivateDialogViewModel.m */; };
		2DFA31F11B66BE9F0064EB94 /* UserTableViewCell.m in Sources */ = {isa = PBXBuildFile; fileRef = 2DFA31F01B66BE9F0064EB94 /* UserTableViewCell.m */; };
		2DFA31F31B66BEB80064EB94 /* UserTableViewCell.xib in Resources */ = {isa = PBXBuildFile; fileRef = 2DFA31F21B66BEB80064EB94 /* UserTableViewCell.xib */; };
		2DFA31F61B66C0C40064EB94 /* UITableViewController+RegisterNib.m in Sources */ = {isa = PBXBuildFile; fileRef = 2DFA31F51B66C0C40064EB94 /* UITableViewController+RegisterNib.m */; };
		2DFA31FC1B66C8D30064EB94 /* UINavigationController+RootViewController.m in Sources */ = {isa = PBXBuildFile; fileRef = 2DFA31FB1B66C8D30064EB94 /* UINavigationController+RootViewController.m */; };
		2DFA31FF1B66CB020064EB94 /* TabBarController.m in Sources */ = {isa = PBXBuildFile; fileRef = 2DFA31FE1B66CB020064EB94 /* TabBarController.m */; };
		2DFA32021B66CC4D0064EB94 /* TabBarViewModel.m in Sources */ = {isa = PBXBuildFile; fileRef = 2DFA32011B66CC4D0064EB94 /* TabBarViewModel.m */; };
		2DFA32131B67D8640064EB94 /* ConversationViewController.m in Sources */ = {isa = PBXBuildFile; fileRef = 2DFA32121B67D8640064EB94 /* ConversationViewController.m */; };
		2DFA32161B67D8830064EB94 /* MessageViewModel.m in Sources */ = {isa = PBXBuildFile; fileRef = 2DFA32151B67D8830064EB94 /* MessageViewModel.m */; };
		2DFA321C1B6821830064EB94 /* BackButtonItem.m in Sources */ = {isa = PBXBuildFile; fileRef = 2DFA321B1B6821830064EB94 /* BackButtonItem.m */; };
		DC622D4610592A32A176F399 /* libPods.a in Frameworks */ = {isa = PBXBuildFile; fileRef = 302F48B23BEC552C62023089 /* libPods.a */; };
/* End PBXBuildFile section */

/* Begin PBXContainerItemProxy section */
		2DAAC1D41B5036440032584C /* PBXContainerItemProxy */ = {
			isa = PBXContainerItemProxy;
			containerPortal = 2DAAC1B21B5036440032584C /* Project object */;
			proxyType = 1;
			remoteGlobalIDString = 2DAAC1B91B5036440032584C;
			remoteInfo = "WLXQuickBloxUtils-sample";
		};
/* End PBXContainerItemProxy section */

/* Begin PBXFileReference section */
		0049314DB306F0B534939661 /* Pods.release.xcconfig */ = {isa = PBXFileReference; includeInIndex = 1; lastKnownFileType = text.xcconfig; name = Pods.release.xcconfig; path = "Pods/Target Support Files/Pods/Pods.release.xcconfig"; sourceTree = "<group>"; };
		2D8C10261B5072C1000DAE2C /* LoginViewModel.h */ = {isa = PBXFileReference; fileEncoding = 4; lastKnownFileType = sourcecode.c.h; path = LoginViewModel.h; sourceTree = "<group>"; };
		2D8C10271B5072C1000DAE2C /* LoginViewModel.m */ = {isa = PBXFileReference; fileEncoding = 4; lastKnownFileType = sourcecode.c.objc; path = LoginViewModel.m; sourceTree = "<group>"; };
		2D8C10281B5072C1000DAE2C /* UserViewModel.h */ = {isa = PBXFileReference; fileEncoding = 4; lastKnownFileType = sourcecode.c.h; path = UserViewModel.h; sourceTree = "<group>"; };
		2D8C10291B5072C1000DAE2C /* UserViewModel.m */ = {isa = PBXFileReference; fileEncoding = 4; lastKnownFileType = sourcecode.c.objc; path = UserViewModel.m; sourceTree = "<group>"; };
		2D8C102D1B5073D3000DAE2C /* NSString+CapitalizeFirstWord.h */ = {isa = PBXFileReference; fileEncoding = 4; lastKnownFileType = sourcecode.c.h; path = "NSString+CapitalizeFirstWord.h"; sourceTree = "<group>"; };
		2D8C102E1B5073D3000DAE2C /* NSString+CapitalizeFirstWord.m */ = {isa = PBXFileReference; fileEncoding = 4; lastKnownFileType = sourcecode.c.objc; path = "NSString+CapitalizeFirstWord.m"; sourceTree = "<group>"; };
		2DAAC1BA1B5036440032584C /* WLXQuickBloxUtils-sample.app */ = {isa = PBXFileReference; explicitFileType = wrapper.application; includeInIndex = 0; path = "WLXQuickBloxUtils-sample.app"; sourceTree = BUILT_PRODUCTS_DIR; };
		2DAAC1BE1B5036440032584C /* Info.plist */ = {isa = PBXFileReference; lastKnownFileType = text.plist.xml; path = Info.plist; sourceTree = "<group>"; };
		2DAAC1BF1B5036440032584C /* main.m */ = {isa = PBXFileReference; lastKnownFileType = sourcecode.c.objc; path = main.m; sourceTree = "<group>"; };
		2DAAC1CA1B5036440032584C /* Images.xcassets */ = {isa = PBXFileReference; lastKnownFileType = folder.assetcatalog; path = Images.xcassets; sourceTree = "<group>"; };
		2DAAC1CD1B5036440032584C /* Base */ = {isa = PBXFileReference; lastKnownFileType = file.xib; name = Base; path = Base.lproj/LaunchScreen.xib; sourceTree = "<group>"; };
		2DAAC1D31B5036440032584C /* WLXQuickBloxUtils-sampleTests.xctest */ = {isa = PBXFileReference; explicitFileType = wrapper.cfbundle; includeInIndex = 0; path = "WLXQuickBloxUtils-sampleTests.xctest"; sourceTree = BUILT_PRODUCTS_DIR; };
		2DAAC1D81B5036440032584C /* Info.plist */ = {isa = PBXFileReference; lastKnownFileType = text.plist.xml; path = Info.plist; sourceTree = "<group>"; };
		2DAAC1D91B5036440032584C /* WLXQuickBloxUtils_sampleTests.m */ = {isa = PBXFileReference; lastKnownFileType = sourcecode.c.objc; path = WLXQuickBloxUtils_sampleTests.m; sourceTree = "<group>"; };
		2DAAC1EB1B5038230032584C /* AppDelegate.h */ = {isa = PBXFileReference; fileEncoding = 4; lastKnownFileType = sourcecode.c.h; path = AppDelegate.h; sourceTree = "<group>"; };
		2DAAC1EC1B5038230032584C /* AppDelegate.m */ = {isa = PBXFileReference; fileEncoding = 4; lastKnownFileType = sourcecode.c.objc; path = AppDelegate.m; sourceTree = "<group>"; };
		2DAAC1EE1B5038230032584C /* WLXQuickBloxUtils.h */ = {isa = PBXFileReference; fileEncoding = 4; lastKnownFileType = sourcecode.c.h; path = WLXQuickBloxUtils.h; sourceTree = "<group>"; };
		2DAAC1EF1B5038230032584C /* WLXQuickBloxUtils.m */ = {isa = PBXFileReference; fileEncoding = 4; lastKnownFileType = sourcecode.c.objc; path = WLXQuickBloxUtils.m; sourceTree = "<group>"; };
		2DAAC1F11B5038230032584C /* Main.storyboard */ = {isa = PBXFileReference; fileEncoding = 4; lastKnownFileType = file.storyboard; path = Main.storyboard; sourceTree = "<group>"; };
		2DFA31C81B6688730064EB94 /* Localizable.strings */ = {isa = PBXFileReference; fileEncoding = 4; lastKnownFileType = text.plist.strings; path = Localizable.strings; sourceTree = "<group>"; };
		2DFA31D01B66963C0064EB94 /* Application.h */ = {isa = PBXFileReference; fileEncoding = 4; lastKnownFileType = sourcecode.c.h; path = Application.h; sourceTree = "<group>"; };
		2DFA31D11B66963C0064EB94 /* Application.m */ = {isa = PBXFileReference; fileEncoding = 4; lastKnownFileType = sourcecode.c.objc; path = Application.m; sourceTree = "<group>"; };
		2DFA31D41B66964C0064EB94 /* UIView+MakeToast.h */ = {isa = PBXFileReference; fileEncoding = 4; lastKnownFileType = sourcecode.c.h; path = "UIView+MakeToast.h"; sourceTree = "<group>"; };
		2DFA31D51B66964C0064EB94 /* UIView+MakeToast.m */ = {isa = PBXFileReference; fileEncoding = 4; lastKnownFileType = sourcecode.c.objc; path = "UIView+MakeToast.m"; sourceTree = "<group>"; };
		2DFA31D81B669AC90064EB94 /* LoginViewController.h */ = {isa = PBXFileReference; fileEncoding = 4; lastKnownFileType = sourcecode.c.h; path = LoginViewController.h; sourceTree = "<group>"; };
		2DFA31D91B669AC90064EB94 /* LoginViewController.m */ = {isa = PBXFileReference; fileEncoding = 4; lastKnownFileType = sourcecode.c.objc; path = LoginViewController.m; sourceTree = "<group>"; };
		2DFA31DB1B669DEB0064EB94 /* UserListViewModel.h */ = {isa = PBXFileReference; fileEncoding = 4; lastKnownFileType = sourcecode.c.h; path = UserListViewModel.h; sourceTree = "<group>"; };
		2DFA31DC1B669DEB0064EB94 /* UserListViewModel.m */ = {isa = PBXFileReference; fileEncoding = 4; lastKnownFileType = sourcecode.c.objc; path = UserListViewModel.m; sourceTree = "<group>"; };
		2DFA31DE1B669DFB0064EB94 /* UserListTableViewController.h */ = {isa = PBXFileReference; fileEncoding = 4; lastKnownFileType = sourcecode.c.h; path = UserListTableViewController.h; sourceTree = "<group>"; };
		2DFA31DF1B669DFB0064EB94 /* UserListTableViewController.m */ = {isa = PBXFileReference; fileEncoding = 4; lastKnownFileType = sourcecode.c.objc; path = UserListTableViewController.m; sourceTree = "<group>"; };
		2DFA31E11B66A0500064EB94 /* CollectionViewModel.h */ = {isa = PBXFileReference; fileEncoding = 4; lastKnownFileType = sourcecode.c.h; path = CollectionViewModel.h; sourceTree = "<group>"; };
		2DFA31E21B66A0500064EB94 /* CollectionViewModel.m */ = {isa = PBXFileReference; fileEncoding = 4; lastKnownFileType = sourcecode.c.objc; path = CollectionViewModel.m; sourceTree = "<group>"; };
		2DFA31E71B66B5830064EB94 /* ConversationListViewModel.h */ = {isa = PBXFileReference; fileEncoding = 4; lastKnownFileType = sourcecode.c.h; path = ConversationListViewModel.h; sourceTree = "<group>"; };
		2DFA31E81B66B5830064EB94 /* ConversationListViewModel.m */ = {isa = PBXFileReference; fileEncoding = 4; lastKnownFileType = sourcecode.c.objc; path = ConversationListViewModel.m; sourceTree = "<group>"; };
		2DFA31EA1B66B6700064EB94 /* PrivateDialogViewModel.h */ = {isa = PBXFileReference; fileEncoding = 4; lastKnownFileType = sourcecode.c.h; path = PrivateDialogViewModel.h; sourceTree = "<group>"; };
		2DFA31EB1B66B6700064EB94 /* PrivateDialogViewModel.m */ = {isa = PBXFileReference; fileEncoding = 4; lastKnownFileType = sourcecode.c.objc; path = PrivateDialogViewModel.m; sourceTree = "<group>"; };
		2DFA31EF1B66BE9F0064EB94 /* UserTableViewCell.h */ = {isa = PBXFileReference; fileEncoding = 4; lastKnownFileType = sourcecode.c.h; name = UserTableViewCell.h; path = Cells/UserTableViewCell/UserTableViewCell.h; sourceTree = "<group>"; };
		2DFA31F01B66BE9F0064EB94 /* UserTableViewCell.m */ = {isa = PBXFileReference; fileEncoding = 4; lastKnownFileType = sourcecode.c.objc; name = UserTableViewCell.m; path = Cells/UserTableViewCell/UserTableViewCell.m; sourceTree = "<group>"; };
		2DFA31F21B66BEB80064EB94 /* UserTableViewCell.xib */ = {isa = PBXFileReference; fileEncoding = 4; lastKnownFileType = file.xib; path = UserTableViewCell.xib; sourceTree = "<group>"; };
		2DFA31F41B66C0C40064EB94 /* UITableViewController+RegisterNib.h */ = {isa = PBXFileReference; fileEncoding = 4; lastKnownFileType = sourcecode.c.h; path = "UITableViewController+RegisterNib.h"; sourceTree = "<group>"; };
		2DFA31F51B66C0C40064EB94 /* UITableViewController+RegisterNib.m */ = {isa = PBXFileReference; fileEncoding = 4; lastKnownFileType = sourcecode.c.objc; path = "UITableViewController+RegisterNib.m"; sourceTree = "<group>"; };
		2DFA31FA1B66C8D30064EB94 /* UINavigationController+RootViewController.h */ = {isa = PBXFileReference; fileEncoding = 4; lastKnownFileType = sourcecode.c.h; path = "UINavigationController+RootViewController.h"; sourceTree = "<group>"; };
		2DFA31FB1B66C8D30064EB94 /* UINavigationController+RootViewController.m */ = {isa = PBXFileReference; fileEncoding = 4; lastKnownFileType = sourcecode.c.objc; path = "UINavigationController+RootViewController.m"; sourceTree = "<group>"; };
		2DFA31FD1B66CB020064EB94 /* TabBarController.h */ = {isa = PBXFileReference; fileEncoding = 4; lastKnownFileType = sourcecode.c.h; path = TabBarController.h; sourceTree = "<group>"; };
		2DFA31FE1B66CB020064EB94 /* TabBarController.m */ = {isa = PBXFileReference; fileEncoding = 4; lastKnownFileType = sourcecode.c.objc; path = TabBarController.m; sourceTree = "<group>"; };
		2DFA32001B66CC4D0064EB94 /* TabBarViewModel.h */ = {isa = PBXFileReference; fileEncoding = 4; lastKnownFileType = sourcecode.c.h; path = TabBarViewModel.h; sourceTree = "<group>"; };
		2DFA32011B66CC4D0064EB94 /* TabBarViewModel.m */ = {isa = PBXFileReference; fileEncoding = 4; lastKnownFileType = sourcecode.c.objc; path = TabBarViewModel.m; sourceTree = "<group>"; };
		2DFA32031B66D4010064EB94 /* TabBarItemViewControllerProtocol.h */ = {isa = PBXFileReference; fileEncoding = 4; lastKnownFileType = sourcecode.c.h; name = TabBarItemViewControllerProtocol.h; path = Protocols/TabBarItemViewControllerProtocol.h; sourceTree = "<group>"; };
		2DFA32111B67D8640064EB94 /* ConversationViewController.h */ = {isa = PBXFileReference; fileEncoding = 4; lastKnownFileType = sourcecode.c.h; path = ConversationViewController.h; sourceTree = "<group>"; };
		2DFA32121B67D8640064EB94 /* ConversationViewController.m */ = {isa = PBXFileReference; fileEncoding = 4; lastKnownFileType = sourcecode.c.objc; path = ConversationViewController.m; sourceTree = "<group>"; };
		2DFA32141B67D8830064EB94 /* MessageViewModel.h */ = {isa = PBXFileReference; fileEncoding = 4; lastKnownFileType = sourcecode.c.h; path = MessageViewModel.h; sourceTree = "<group>"; };
		2DFA32151B67D8830064EB94 /* MessageViewModel.m */ = {isa = PBXFileReference; fileEncoding = 4; lastKnownFileType = sourcecode.c.objc; path = MessageViewModel.m; sourceTree = "<group>"; };
		2DFA32181B67E48E0064EB94 /* UserTableViewCellDelegate.h */ = {isa = PBXFileReference; fileEncoding = 4; lastKnownFileType = sourcecode.c.h; name = UserTableViewCellDelegate.h; path = Cells/Delegates/UserTableViewCellDelegate.h; sourceTree = "<group>"; };
		2DFA321A1B6821830064EB94 /* BackButtonItem.h */ = {isa = PBXFileReference; fileEncoding = 4; lastKnownFileType = sourcecode.c.h; name = BackButtonItem.h; path = "WLXQuickBloxUtils-sample/UIKit Extensions/BackButtonItem.h"; sourceTree = SOURCE_ROOT; };
		2DFA321B1B6821830064EB94 /* BackButtonItem.m */ = {isa = PBXFileReference; fileEncoding = 4; lastKnownFileType = sourcecode.c.objc; name = BackButtonItem.m; path = "WLXQuickBloxUtils-sample/UIKit Extensions/BackButtonItem.m"; sourceTree = SOURCE_ROOT; };
		302F48B23BEC552C62023089 /* libPods.a */ = {isa = PBXFileReference; explicitFileType = archive.ar; includeInIndex = 0; path = libPods.a; sourceTree = BUILT_PRODUCTS_DIR; };
		67470EC5E95331021AE14C20 /* Pods.debug.xcconfig */ = {isa = PBXFileReference; includeInIndex = 1; lastKnownFileType = text.xcconfig; name = Pods.debug.xcconfig; path = "Pods/Target Support Files/Pods/Pods.debug.xcconfig"; sourceTree = "<group>"; };
/* End PBXFileReference section */

/* Begin PBXFrameworksBuildPhase section */
		2DAAC1B71B5036440032584C /* Frameworks */ = {
			isa = PBXFrameworksBuildPhase;
			buildActionMask = 2147483647;
			files = (
				DC622D4610592A32A176F399 /* libPods.a in Frameworks */,
			);
			runOnlyForDeploymentPostprocessing = 0;
		};
		2DAAC1D01B5036440032584C /* Frameworks */ = {
			isa = PBXFrameworksBuildPhase;
			buildActionMask = 2147483647;
			files = (
			);
			runOnlyForDeploymentPostprocessing = 0;
		};
/* End PBXFrameworksBuildPhase section */

/* Begin PBXGroup section */
		003F664A93F6060F131B94D7 /* Frameworks */ = {
			isa = PBXGroup;
			children = (
				302F48B23BEC552C62023089 /* libPods.a */,
			);
			name = Frameworks;
			sourceTree = "<group>";
		};
		2D8C10251B5072C1000DAE2C /* ViewModels */ = {
			isa = PBXGroup;
			children = (
				2D8C10261B5072C1000DAE2C /* LoginViewModel.h */,
				2D8C10271B5072C1000DAE2C /* LoginViewModel.m */,
				2D8C10281B5072C1000DAE2C /* UserViewModel.h */,
				2D8C10291B5072C1000DAE2C /* UserViewModel.m */,
				2DFA31DB1B669DEB0064EB94 /* UserListViewModel.h */,
				2DFA31DC1B669DEB0064EB94 /* UserListViewModel.m */,
				2DFA31E11B66A0500064EB94 /* CollectionViewModel.h */,
				2DFA31E21B66A0500064EB94 /* CollectionViewModel.m */,
				2DFA31E71B66B5830064EB94 /* ConversationListViewModel.h */,
				2DFA31E81B66B5830064EB94 /* ConversationListViewModel.m */,
				2DFA31EA1B66B6700064EB94 /* PrivateDialogViewModel.h */,
				2DFA31EB1B66B6700064EB94 /* PrivateDialogViewModel.m */,
				2DFA32001B66CC4D0064EB94 /* TabBarViewModel.h */,
				2DFA32011B66CC4D0064EB94 /* TabBarViewModel.m */,
				2DFA32141B67D8830064EB94 /* MessageViewModel.h */,
				2DFA32151B67D8830064EB94 /* MessageViewModel.m */,
			);
			path = ViewModels;
			sourceTree = "<group>";
		};
		2D8C102C1B5073D3000DAE2C /* Foundation categories */ = {
			isa = PBXGroup;
			children = (
				2D8C102D1B5073D3000DAE2C /* NSString+CapitalizeFirstWord.h */,
				2D8C102E1B5073D3000DAE2C /* NSString+CapitalizeFirstWord.m */,
			);
			path = "Foundation categories";
			sourceTree = "<group>";
		};
		2DAAC1B11B5036440032584C = {
			isa = PBXGroup;
			children = (
				2DAAC1BC1B5036440032584C /* WLXQuickBloxUtils-sample */,
				2DAAC1D61B5036440032584C /* WLXQuickBloxUtils-sampleTests */,
				2DAAC1BB1B5036440032584C /* Products */,
				FCC6580AF82AD9046EB98A29 /* Pods */,
				003F664A93F6060F131B94D7 /* Frameworks */,
			);
			sourceTree = "<group>";
		};
		2DAAC1BB1B5036440032584C /* Products */ = {
			isa = PBXGroup;
			children = (
				2DAAC1BA1B5036440032584C /* WLXQuickBloxUtils-sample.app */,
				2DAAC1D31B5036440032584C /* WLXQuickBloxUtils-sampleTests.xctest */,
			);
			name = Products;
			sourceTree = "<group>";
		};
		2DAAC1BC1B5036440032584C /* WLXQuickBloxUtils-sample */ = {
			isa = PBXGroup;
			children = (
				2DFA31ED1B66BE6A0064EB94 /* Cells */,
				2DFA31D31B66964C0064EB94 /* UIKit categories */,
				2DFA32191B6820F40064EB94 /* UIKit Extensions */,
				2D8C102C1B5073D3000DAE2C /* Foundation categories */,
				2DAAC1EA1B5038230032584C /* AppDelegate */,
				2DAAC1ED1B5038230032584C /* Services */,
				2DAAC1F01B5038230032584C /* Storyboards */,
				2D8C10251B5072C1000DAE2C /* ViewModels */,
				2DFA31D71B669AC90064EB94 /* ViewControllers */,
				2DAAC1CA1B5036440032584C /* Images.xcassets */,
				2DAAC1CC1B5036440032584C /* LaunchScreen.xib */,
				2DAAC1BD1B5036440032584C /* Supporting Files */,
			);
			path = "WLXQuickBloxUtils-sample";
			sourceTree = "<group>";
		};
		2DAAC1BD1B5036440032584C /* Supporting Files */ = {
			isa = PBXGroup;
			children = (
				2DFA31C81B6688730064EB94 /* Localizable.strings */,
				2DAAC1BE1B5036440032584C /* Info.plist */,
				2DAAC1BF1B5036440032584C /* main.m */,
			);
			name = "Supporting Files";
			sourceTree = "<group>";
		};
		2DAAC1D61B5036440032584C /* WLXQuickBloxUtils-sampleTests */ = {
			isa = PBXGroup;
			children = (
				2DAAC1D91B5036440032584C /* WLXQuickBloxUtils_sampleTests.m */,
				2DAAC1D71B5036440032584C /* Supporting Files */,
			);
			path = "WLXQuickBloxUtils-sampleTests";
			sourceTree = "<group>";
		};
		2DAAC1D71B5036440032584C /* Supporting Files */ = {
			isa = PBXGroup;
			children = (
				2DAAC1D81B5036440032584C /* Info.plist */,
			);
			name = "Supporting Files";
			sourceTree = "<group>";
		};
		2DAAC1EA1B5038230032584C /* AppDelegate */ = {
			isa = PBXGroup;
			children = (
				2DAAC1EB1B5038230032584C /* AppDelegate.h */,
				2DAAC1EC1B5038230032584C /* AppDelegate.m */,
			);
			path = AppDelegate;
			sourceTree = "<group>";
		};
		2DAAC1ED1B5038230032584C /* Services */ = {
			isa = PBXGroup;
			children = (
				2DFA31D01B66963C0064EB94 /* Application.h */,
				2DFA31D11B66963C0064EB94 /* Application.m */,
				2DAAC1EE1B5038230032584C /* WLXQuickBloxUtils.h */,
				2DAAC1EF1B5038230032584C /* WLXQuickBloxUtils.m */,
			);
			path = Services;
			sourceTree = "<group>";
		};
		2DAAC1F01B5038230032584C /* Storyboards */ = {
			isa = PBXGroup;
			children = (
				2DAAC1F11B5038230032584C /* Main.storyboard */,
			);
			path = Storyboards;
			sourceTree = "<group>";
		};
		2DFA31D31B66964C0064EB94 /* UIKit categories */ = {
			isa = PBXGroup;
			children = (
				2DFA31D41B66964C0064EB94 /* UIView+MakeToast.h */,
				2DFA31D51B66964C0064EB94 /* UIView+MakeToast.m */,
				2DFA31F41B66C0C40064EB94 /* UITableViewController+RegisterNib.h */,
				2DFA31F51B66C0C40064EB94 /* UITableViewController+RegisterNib.m */,
				2DFA31FA1B66C8D30064EB94 /* UINavigationController+RootViewController.h */,
				2DFA31FB1B66C8D30064EB94 /* UINavigationController+RootViewController.m */,
			);
			path = "UIKit categories";
			sourceTree = "<group>";
		};
		2DFA31D71B669AC90064EB94 /* ViewControllers */ = {
			isa = PBXGroup;
			children = (
				2DFA32041B66D4070064EB94 /* Protocol */,
				2DFA31D81B669AC90064EB94 /* LoginViewController.h */,
				2DFA31D91B669AC90064EB94 /* LoginViewController.m */,
				2DFA31DE1B669DFB0064EB94 /* UserListTableViewController.h */,
				2DFA31DF1B669DFB0064EB94 /* UserListTableViewController.m */,
				2DFA31FD1B66CB020064EB94 /* TabBarController.h */,
				2DFA31FE1B66CB020064EB94 /* TabBarController.m */,
				2DFA32111B67D8640064EB94 /* ConversationViewController.h */,
				2DFA32121B67D8640064EB94 /* ConversationViewController.m */,
			);
			path = ViewControllers;
			sourceTree = "<group>";
		};
		2DFA31ED1B66BE6A0064EB94 /* Cells */ = {
			isa = PBXGroup;
			children = (
				2DFA32171B67E46D0064EB94 /* Delegates */,
				2DFA31EE1B66BE740064EB94 /* UserTableViewCell */,
			);
			name = Cells;
			sourceTree = "<group>";
		};
		2DFA31EE1B66BE740064EB94 /* UserTableViewCell */ = {
			isa = PBXGroup;
			children = (
				2DFA31EF1B66BE9F0064EB94 /* UserTableViewCell.h */,
				2DFA31F01B66BE9F0064EB94 /* UserTableViewCell.m */,
				2DFA31F21B66BEB80064EB94 /* UserTableViewCell.xib */,
			);
			name = UserTableViewCell;
			sourceTree = "<group>";
		};
		2DFA32041B66D4070064EB94 /* Protocol */ = {
			isa = PBXGroup;
			children = (
				2DFA32031B66D4010064EB94 /* TabBarItemViewControllerProtocol.h */,
			);
			name = Protocol;
			sourceTree = "<group>";
		};
		2DFA32171B67E46D0064EB94 /* Delegates */ = {
			isa = PBXGroup;
			children = (
				2DFA32181B67E48E0064EB94 /* UserTableViewCellDelegate.h */,
			);
			name = Delegates;
			sourceTree = "<group>";
		};
		2DFA32191B6820F40064EB94 /* UIKit Extensions */ = {
			isa = PBXGroup;
			children = (
				2DFA321A1B6821830064EB94 /* BackButtonItem.h */,
				2DFA321B1B6821830064EB94 /* BackButtonItem.m */,
			);
			name = "UIKit Extensions";
			path = "UIKit categories";
			sourceTree = "<group>";
		};
		FCC6580AF82AD9046EB98A29 /* Pods */ = {
			isa = PBXGroup;
			children = (
				67470EC5E95331021AE14C20 /* Pods.debug.xcconfig */,
				0049314DB306F0B534939661 /* Pods.release.xcconfig */,
			);
			name = Pods;
			sourceTree = "<group>";
		};
/* End PBXGroup section */

/* Begin PBXNativeTarget section */
		2DAAC1B91B5036440032584C /* WLXQuickBloxUtils-sample */ = {
			isa = PBXNativeTarget;
			buildConfigurationList = 2DAAC1DD1B5036440032584C /* Build configuration list for PBXNativeTarget "WLXQuickBloxUtils-sample" */;
			buildPhases = (
				00D556A938D0C143F1788301 /* Check Pods Manifest.lock */,
				2DAAC1B61B5036440032584C /* Sources */,
				2DAAC1B71B5036440032584C /* Frameworks */,
				2DAAC1B81B5036440032584C /* Resources */,
				26D053E803C6ED3CDD44ECE1 /* Copy Pods Resources */,
			);
			buildRules = (
			);
			dependencies = (
			);
			name = "WLXQuickBloxUtils-sample";
			productName = "WLXQuickBloxUtils-sample";
			productReference = 2DAAC1BA1B5036440032584C /* WLXQuickBloxUtils-sample.app */;
			productType = "com.apple.product-type.application";
		};
		2DAAC1D21B5036440032584C /* WLXQuickBloxUtils-sampleTests */ = {
			isa = PBXNativeTarget;
			buildConfigurationList = 2DAAC1E01B5036440032584C /* Build configuration list for PBXNativeTarget "WLXQuickBloxUtils-sampleTests" */;
			buildPhases = (
				2DAAC1CF1B5036440032584C /* Sources */,
				2DAAC1D01B5036440032584C /* Frameworks */,
				2DAAC1D11B5036440032584C /* Resources */,
			);
			buildRules = (
			);
			dependencies = (
				2DAAC1D51B5036440032584C /* PBXTargetDependency */,
			);
			name = "WLXQuickBloxUtils-sampleTests";
			productName = "WLXQuickBloxUtils-sampleTests";
			productReference = 2DAAC1D31B5036440032584C /* WLXQuickBloxUtils-sampleTests.xctest */;
			productType = "com.apple.product-type.bundle.unit-test";
		};
/* End PBXNativeTarget section */

/* Begin PBXProject section */
		2DAAC1B21B5036440032584C /* Project object */ = {
			isa = PBXProject;
			attributes = {
				LastUpgradeCheck = 0630;
				ORGANIZATIONNAME = Wolox;
				TargetAttributes = {
					2DAAC1B91B5036440032584C = {
						CreatedOnToolsVersion = 6.3.2;
					};
					2DAAC1D21B5036440032584C = {
						CreatedOnToolsVersion = 6.3.2;
						TestTargetID = 2DAAC1B91B5036440032584C;
					};
				};
			};
			buildConfigurationList = 2DAAC1B51B5036440032584C /* Build configuration list for PBXProject "WLXQuickBloxUtils-sample" */;
			compatibilityVersion = "Xcode 3.2";
			developmentRegion = English;
			hasScannedForEncodings = 0;
			knownRegions = (
				en,
				Base,
			);
			mainGroup = 2DAAC1B11B5036440032584C;
			productRefGroup = 2DAAC1BB1B5036440032584C /* Products */;
			projectDirPath = "";
			projectRoot = "";
			targets = (
				2DAAC1B91B5036440032584C /* WLXQuickBloxUtils-sample */,
				2DAAC1D21B5036440032584C /* WLXQuickBloxUtils-sampleTests */,
			);
		};
/* End PBXProject section */

/* Begin PBXResourcesBuildPhase section */
		2DAAC1B81B5036440032584C /* Resources */ = {
			isa = PBXResourcesBuildPhase;
			buildActionMask = 2147483647;
			files = (
				2DAAC1F71B5038230032584C /* Main.storyboard in Resources */,
				2DFA31C91B6688730064EB94 /* Localizable.strings in Resources */,
				2DAAC1CE1B5036440032584C /* LaunchScreen.xib in Resources */,
				2DAAC1CB1B5036440032584C /* Images.xcassets in Resources */,
				2DFA31F31B66BEB80064EB94 /* UserTableViewCell.xib in Resources */,
			);
			runOnlyForDeploymentPostprocessing = 0;
		};
		2DAAC1D11B5036440032584C /* Resources */ = {
			isa = PBXResourcesBuildPhase;
			buildActionMask = 2147483647;
			files = (
			);
			runOnlyForDeploymentPostprocessing = 0;
		};
/* End PBXResourcesBuildPhase section */

/* Begin PBXShellScriptBuildPhase section */
		00D556A938D0C143F1788301 /* Check Pods Manifest.lock */ = {
			isa = PBXShellScriptBuildPhase;
			buildActionMask = 2147483647;
			files = (
			);
			inputPaths = (
			);
			name = "Check Pods Manifest.lock";
			outputPaths = (
			);
			runOnlyForDeploymentPostprocessing = 0;
			shellPath = /bin/sh;
			shellScript = "diff \"${PODS_ROOT}/../Podfile.lock\" \"${PODS_ROOT}/Manifest.lock\" > /dev/null\nif [[ $? != 0 ]] ; then\n    cat << EOM\nerror: The sandbox is not in sync with the Podfile.lock. Run 'pod install' or update your CocoaPods installation.\nEOM\n    exit 1\nfi\n";
			showEnvVarsInLog = 0;
		};
		26D053E803C6ED3CDD44ECE1 /* Copy Pods Resources */ = {
			isa = PBXShellScriptBuildPhase;
			buildActionMask = 2147483647;
			files = (
			);
			inputPaths = (
			);
			name = "Copy Pods Resources";
			outputPaths = (
			);
			runOnlyForDeploymentPostprocessing = 0;
			shellPath = /bin/sh;
			shellScript = "\"${SRCROOT}/Pods/Target Support Files/Pods/Pods-resources.sh\"\n";
			showEnvVarsInLog = 0;
		};
/* End PBXShellScriptBuildPhase section */

/* Begin PBXSourcesBuildPhase section */
		2DAAC1B61B5036440032584C /* Sources */ = {
			isa = PBXSourcesBuildPhase;
			buildActionMask = 2147483647;
			files = (
				2DFA31F61B66C0C40064EB94 /* UITableViewController+RegisterNib.m in Sources */,
				2DFA31F11B66BE9F0064EB94 /* UserTableViewCell.m in Sources */,
				2DFA31FF1B66CB020064EB94 /* TabBarController.m in Sources */,
				2DFA31E31B66A0500064EB94 /* CollectionViewModel.m in Sources */,
				2DAAC1F61B5038230032584C /* WLXQuickBloxUtils.m in Sources */,
				2D8C102F1B5073D3000DAE2C /* NSString+CapitalizeFirstWord.m in Sources */,
				2DAAC1F51B5038230032584C /* AppDelegate.m in Sources */,
				2DFA31FC1B66C8D30064EB94 /* UINavigationController+RootViewController.m in Sources */,
				2DFA31D21B66963C0064EB94 /* Application.m in Sources */,
				2D8C102A1B5072C1000DAE2C /* LoginViewModel.m in Sources */,
				2DFA31DA1B669AC90064EB94 /* LoginViewController.m in Sources */,
				2DFA321C1B6821830064EB94 /* BackButtonItem.m in Sources */,
				2DFA32131B67D8640064EB94 /* ConversationViewController.m in Sources */,
				2DFA32021B66CC4D0064EB94 /* TabBarViewModel.m in Sources */,
				2DAAC1C01B5036440032584C /* main.m in Sources */,
				2DFA31D61B66964C0064EB94 /* UIView+MakeToast.m in Sources */,
				2DFA31E91B66B5830064EB94 /* ConversationListViewModel.m in Sources */,
				2D8C102B1B5072C1000DAE2C /* UserViewModel.m in Sources */,
				2DFA31EC1B66B6700064EB94 /* PrivateDialogViewModel.m in Sources */,
				2DFA31DD1B669DEB0064EB94 /* UserListViewModel.m in Sources */,
				2DFA32161B67D8830064EB94 /* MessageViewModel.m in Sources */,
				2DFA31E01B669DFB0064EB94 /* UserListTableViewController.m in Sources */,
			);
			runOnlyForDeploymentPostprocessing = 0;
		};
		2DAAC1CF1B5036440032584C /* Sources */ = {
			isa = PBXSourcesBuildPhase;
			buildActionMask = 2147483647;
			files = (
				2DAAC1DA1B5036440032584C /* WLXQuickBloxUtils_sampleTests.m in Sources */,
			);
			runOnlyForDeploymentPostprocessing = 0;
		};
/* End PBXSourcesBuildPhase section */

/* Begin PBXTargetDependency section */
		2DAAC1D51B5036440032584C /* PBXTargetDependency */ = {
			isa = PBXTargetDependency;
			target = 2DAAC1B91B5036440032584C /* WLXQuickBloxUtils-sample */;
			targetProxy = 2DAAC1D41B5036440032584C /* PBXContainerItemProxy */;
		};
/* End PBXTargetDependency section */

/* Begin PBXVariantGroup section */
		2DAAC1CC1B5036440032584C /* LaunchScreen.xib */ = {
			isa = PBXVariantGroup;
			children = (
				2DAAC1CD1B5036440032584C /* Base */,
			);
			name = LaunchScreen.xib;
			sourceTree = "<group>";
		};
/* End PBXVariantGroup section */

/* Begin XCBuildConfiguration section */
		2DAAC1DB1B5036440032584C /* Debug */ = {
			isa = XCBuildConfiguration;
			buildSettings = {
				ALWAYS_SEARCH_USER_PATHS = NO;
				CLANG_CXX_LANGUAGE_STANDARD = "gnu++0x";
				CLANG_CXX_LIBRARY = "libc++";
				CLANG_ENABLE_MODULES = YES;
				CLANG_ENABLE_OBJC_ARC = YES;
				CLANG_WARN_BOOL_CONVERSION = YES;
				CLANG_WARN_CONSTANT_CONVERSION = YES;
				CLANG_WARN_DIRECT_OBJC_ISA_USAGE = YES_ERROR;
				CLANG_WARN_EMPTY_BODY = YES;
				CLANG_WARN_ENUM_CONVERSION = YES;
				CLANG_WARN_INT_CONVERSION = YES;
				CLANG_WARN_OBJC_ROOT_CLASS = YES_ERROR;
				CLANG_WARN_UNREACHABLE_CODE = YES;
				CLANG_WARN__DUPLICATE_METHOD_MATCH = YES;
				"CODE_SIGN_IDENTITY[sdk=iphoneos*]" = "iPhone Developer";
				COPY_PHASE_STRIP = NO;
				DEBUG_INFORMATION_FORMAT = "dwarf-with-dsym";
				ENABLE_STRICT_OBJC_MSGSEND = YES;
				GCC_C_LANGUAGE_STANDARD = gnu99;
				GCC_DYNAMIC_NO_PIC = NO;
				GCC_NO_COMMON_BLOCKS = YES;
				GCC_OPTIMIZATION_LEVEL = 0;
				GCC_PREPROCESSOR_DEFINITIONS = (
					"DEBUG=1",
					"$(inherited)",
				);
				GCC_SYMBOLS_PRIVATE_EXTERN = NO;
				GCC_WARN_64_TO_32_BIT_CONVERSION = YES;
				GCC_WARN_ABOUT_RETURN_TYPE = YES_ERROR;
				GCC_WARN_UNDECLARED_SELECTOR = YES;
				GCC_WARN_UNINITIALIZED_AUTOS = YES_AGGRESSIVE;
				GCC_WARN_UNUSED_FUNCTION = YES;
				GCC_WARN_UNUSED_VARIABLE = YES;
				IPHONEOS_DEPLOYMENT_TARGET = 8.2;
				MTL_ENABLE_DEBUG_INFO = YES;
				ONLY_ACTIVE_ARCH = YES;
				SDKROOT = iphoneos;
			};
			name = Debug;
		};
		2DAAC1DC1B5036440032584C /* Release */ = {
			isa = XCBuildConfiguration;
			buildSettings = {
				ALWAYS_SEARCH_USER_PATHS = NO;
				CLANG_CXX_LANGUAGE_STANDARD = "gnu++0x";
				CLANG_CXX_LIBRARY = "libc++";
				CLANG_ENABLE_MODULES = YES;
				CLANG_ENABLE_OBJC_ARC = YES;
				CLANG_WARN_BOOL_CONVERSION = YES;
				CLANG_WARN_CONSTANT_CONVERSION = YES;
				CLANG_WARN_DIRECT_OBJC_ISA_USAGE = YES_ERROR;
				CLANG_WARN_EMPTY_BODY = YES;
				CLANG_WARN_ENUM_CONVERSION = YES;
				CLANG_WARN_INT_CONVERSION = YES;
				CLANG_WARN_OBJC_ROOT_CLASS = YES_ERROR;
				CLANG_WARN_UNREACHABLE_CODE = YES;
				CLANG_WARN__DUPLICATE_METHOD_MATCH = YES;
				"CODE_SIGN_IDENTITY[sdk=iphoneos*]" = "iPhone Developer";
				COPY_PHASE_STRIP = NO;
				DEBUG_INFORMATION_FORMAT = "dwarf-with-dsym";
				ENABLE_NS_ASSERTIONS = NO;
				ENABLE_STRICT_OBJC_MSGSEND = YES;
				GCC_C_LANGUAGE_STANDARD = gnu99;
				GCC_NO_COMMON_BLOCKS = YES;
				GCC_WARN_64_TO_32_BIT_CONVERSION = YES;
				GCC_WARN_ABOUT_RETURN_TYPE = YES_ERROR;
				GCC_WARN_UNDECLARED_SELECTOR = YES;
				GCC_WARN_UNINITIALIZED_AUTOS = YES_AGGRESSIVE;
				GCC_WARN_UNUSED_FUNCTION = YES;
				GCC_WARN_UNUSED_VARIABLE = YES;
				IPHONEOS_DEPLOYMENT_TARGET = 8.2;
				MTL_ENABLE_DEBUG_INFO = NO;
				SDKROOT = iphoneos;
				VALIDATE_PRODUCT = YES;
			};
			name = Release;
		};
		2DAAC1DE1B5036440032584C /* Debug */ = {
			isa = XCBuildConfiguration;
			baseConfigurationReference = 67470EC5E95331021AE14C20 /* Pods.debug.xcconfig */;
			buildSettings = {
				ASSETCATALOG_COMPILER_APPICON_NAME = AppIcon;
				INFOPLIST_FILE = "WLXQuickBloxUtils-sample/Info.plist";
				LD_RUNPATH_SEARCH_PATHS = "$(inherited) @executable_path/Frameworks";
				PRODUCT_NAME = "$(TARGET_NAME)";
				QB_ACCOUNT_KEY = "";
				QB_APP_ID = "";
				QB_SERVICE_KEY = "";
				QB_SERVICE_SECRET = "";
			};
			name = Debug;
		};
		2DAAC1DF1B5036440032584C /* Release */ = {
			isa = XCBuildConfiguration;
			baseConfigurationReference = 0049314DB306F0B534939661 /* Pods.release.xcconfig */;
			buildSettings = {
				ASSETCATALOG_COMPILER_APPICON_NAME = AppIcon;
				INFOPLIST_FILE = "WLXQuickBloxUtils-sample/Info.plist";
				LD_RUNPATH_SEARCH_PATHS = "$(inherited) @executable_path/Frameworks";
				PRODUCT_NAME = "$(TARGET_NAME)";
				QB_ACCOUNT_KEY = "";
				QB_APP_ID = "";
				QB_SERVICE_KEY = "";
				QB_SERVICE_SECRET = "";
			};
			name = Release;
		};
		2DAAC1E11B5036440032584C /* Debug */ = {
			isa = XCBuildConfiguration;
			buildSettings = {
				BUNDLE_LOADER = "$(TEST_HOST)";
				FRAMEWORK_SEARCH_PATHS = (
					"$(SDKROOT)/Developer/Library/Frameworks",
					"$(inherited)",
				);
				GCC_PREPROCESSOR_DEFINITIONS = (
					"DEBUG=1",
					"$(inherited)",
				);
				INFOPLIST_FILE = "WLXQuickBloxUtils-sampleTests/Info.plist";
				LD_RUNPATH_SEARCH_PATHS = "$(inherited) @executable_path/Frameworks @loader_path/Frameworks";
				PRODUCT_NAME = "$(TARGET_NAME)";
				TEST_HOST = "$(BUILT_PRODUCTS_DIR)/WLXQuickBloxUtils-sample.app/WLXQuickBloxUtils-sample";
			};
			name = Debug;
		};
		2DAAC1E21B5036440032584C /* Release */ = {
			isa = XCBuildConfiguration;
			buildSettings = {
				BUNDLE_LOADER = "$(TEST_HOST)";
				FRAMEWORK_SEARCH_PATHS = (
					"$(SDKROOT)/Developer/Library/Frameworks",
					"$(inherited)",
				);
				INFOPLIST_FILE = "WLXQuickBloxUtils-sampleTests/Info.plist";
				LD_RUNPATH_SEARCH_PATHS = "$(inherited) @executable_path/Frameworks @loader_path/Frameworks";
				PRODUCT_NAME = "$(TARGET_NAME)";
				TEST_HOST = "$(BUILT_PRODUCTS_DIR)/WLXQuickBloxUtils-sample.app/WLXQuickBloxUtils-sample";
			};
			name = Release;
		};
/* End XCBuildConfiguration section */

/* Begin XCConfigurationList section */
		2DAAC1B51B5036440032584C /* Build configuration list for PBXProject "WLXQuickBloxUtils-sample" */ = {
			isa = XCConfigurationList;
			buildConfigurations = (
				2DAAC1DB1B5036440032584C /* Debug */,
				2DAAC1DC1B5036440032584C /* Release */,
			);
			defaultConfigurationIsVisible = 0;
			defaultConfigurationName = Release;
		};
		2DAAC1DD1B5036440032584C /* Build configuration list for PBXNativeTarget "WLXQuickBloxUtils-sample" */ = {
			isa = XCConfigurationList;
			buildConfigurations = (
				2DAAC1DE1B5036440032584C /* Debug */,
				2DAAC1DF1B5036440032584C /* Release */,
			);
			defaultConfigurationIsVisible = 0;
			defaultConfigurationName = Release;
		};
		2DAAC1E01B5036440032584C /* Build configuration list for PBXNativeTarget "WLXQuickBloxUtils-sampleTests" */ = {
			isa = XCConfigurationList;
			buildConfigurations = (
				2DAAC1E11B5036440032584C /* Debug */,
				2DAAC1E21B5036440032584C /* Release */,
			);
			defaultConfigurationIsVisible = 0;
			defaultConfigurationName = Release;
		};
/* End XCConfigurationList section */
	};
	rootObject = 2DAAC1B21B5036440032584C /* Project object */;
}
